github.com/NullpointerW/go-qbittorrent-apiv2 v0.0.17 h1:Jvz2wGx073oYYJmuyJYMTpQZ1/wYE/jNW1JRDZVqEpg=
github.com/NullpointerW/go-qbittorrent-apiv2 v0.0.17/go.mod h1:qhx64qXeKDgbCJQOE/eqaNKRjPi0GgTUJ6WA5D4CBoc=
golang.org/x/net v0.46.0 h1:giFlY12I07fugqwPuWJi68oOnpfqFnJIJzaIIm2JVV4=
golang.org/x/net v0.46.0/go.mod h1:Q9BGdFy1y4nkUwiLvT5qtyhAnEHgnQ/zd8PfU6nc210=
